Microsoft Visual Studio Solution File, Format Version 12.00
# Visual Studio Version 17
VisualStudioVersion = 17.5.2.0
MinimumVisualStudioVersion = 10.0.40219.1
Project("{FAE04EC0-301F-11D3-BF4B-00C04F79EFBC}") = "CRUDKaryawan", "CRUDKaryawan.csproj", "{04DBCEBB-0C24-E47E-A8F4-BFF5652516BB}"
EndProject
Global
	GlobalSection(SolutionConfigurationPlatforms) = preSolution
		Debug|Any CPU = Debug|Any CPU
		Release|Any CPU = Release|Any CPU
	EndGlobalSection
	GlobalSection(ProjectConfigurationPlatforms) = postSolution
		{04DBCEBB-0C24-E47E-A8F4-BFF5652516BB}.Debug|Any CPU.ActiveCfg = Debug|Any CPU
		{04DBCEBB-0C24-E47E-A8F4-BFF5652516BB}.Debug|Any CPU.Build.0 = Debug|Any CPU
		{04DBCEBB-0C24-E47E-A8F4-BFF5652516BB}.Release|Any CPU.ActiveCfg = Release|Any CPU
		{04DBCEBB-0C24-E47E-A8F4-BFF5652516BB}.Release|Any CPU.Build.0 = Release|Any CPU
	EndGlobalSection
	GlobalSection(SolutionProperties) = preSolution
		HideSolutionNode = FALSE
	EndGlobalSection
	GlobalSection(ExtensibilityGlobals) = postSolution
		SolutionGuid = {BFABC6B5-147C-41C7-A6DF-A5DA5200E5ED}
	EndGlobalSection
EndGlobal
